
Microsoft Visual Studio Solution File, Format Version 12.00
# Visual Studio Version 17
VisualStudioVersion = 17.6.33815.320
MinimumVisualStudioVersion = 10.0.40219.1
Project("{9A19103F-16F7-4668-BE54-9A1E7A4F7556}") = "Basic3TierAPI", "Basic3TierAPI.csproj", "{54721598-44C9-4984-BA48-E7830544263B}"
EndProject
Project("{9A19103F-16F7-4668-BE54-9A1E7A4F7556}") = "Basic3Tier.Core", "..\Basic3Tier.Core\Basic3Tier.Core.csproj", "{8C6EB6BD-4508-41DD-863B-9CCE274F2DEE}"
EndProject
Project("{9A19103F-16F7-4668-BE54-9A1E7A4F7556}") = "Basic3Tier.Infrastructure", "..\Basic3Tier.Infrastructure\Basic3Tier.Infrastructure.csproj", "{50F4CF1D-DFD2-4B32-A988-B5073DA53E43}"
EndProject
Project("{2150E333-8FDC-42A3-9474-1A3956D46DE8}") = "Tests", "Tests", "{7E715637-FF19-4585-A359-F25EBD5030B9}"
EndProject
Project("{9A19103F-16F7-4668-BE54-9A1E7A4F7556}") = "Basic3Tier.Core.Tests", "..\Tests\Basic3Tier.Core.Tests\Basic3Tier.Core.Tests.csproj", "{769CBDE3-AC44-4640-B7DB-1EAB23AD2A4B}"
EndProject
Project("{9A19103F-16F7-4668-BE54-9A1E7A4F7556}") = "Basic3Tier.Infrastructure.Tests", "..\Tests\Basic3Tier.Infrastructure.Tests\Basic3Tier.Infrastructure.Tests.csproj", "{9C1C5758-4699-44A9-A003-B5E961ECD868}"
EndProject
Global
	GlobalSection(SolutionConfigurationPlatforms) = preSolution
		Debug|Any CPU = Debug|Any CPU
		Release|Any CPU = Release|Any CPU
	EndGlobalSection
	GlobalSection(ProjectConfigurationPlatforms) = postSolution
		{54721598-44C9-4984-BA48-E7830544263B}.Debug|Any CPU.ActiveCfg = Debug|Any CPU
		{54721598-44C9-4984-BA48-E7830544263B}.Debug|Any CPU.Build.0 = Debug|Any CPU
		{54721598-44C9-4984-BA48-E7830544263B}.Release|Any CPU.ActiveCfg = Release|Any CPU
		{54721598-44C9-4984-BA48-E7830544263B}.Release|Any CPU.Build.0 = Release|Any CPU
		{8C6EB6BD-4508-41DD-863B-9CCE274F2DEE}.Debug|Any CPU.ActiveCfg = Debug|Any CPU
		{8C6EB6BD-4508-41DD-863B-9CCE274F2DEE}.Debug|Any CPU.Build.0 = Debug|Any CPU
		{8C6EB6BD-4508-41DD-863B-9CCE274F2DEE}.Release|Any CPU.ActiveCfg = Release|Any CPU
		{8C6EB6BD-4508-41DD-863B-9CCE274F2DEE}.Release|Any CPU.Build.0 = Release|Any CPU
		{50F4CF1D-DFD2-4B32-A988-B5073DA53E43}.Debug|Any CPU.ActiveCfg = Debug|Any CPU
		{50F4CF1D-DFD2-4B32-A988-B5073DA53E43}.Debug|Any CPU.Build.0 = Debug|Any CPU
		{50F4CF1D-DFD2-4B32-A988-B5073DA53E43}.Release|Any CPU.ActiveCfg = Release|Any CPU
		{50F4CF1D-DFD2-4B32-A988-B5073DA53E43}.Release|Any CPU.Build.0 = Release|Any CPU
		{769CBDE3-AC44-4640-B7DB-1EAB23AD2A4B}.Debug|Any CPU.ActiveCfg = Debug|Any CPU
		{769CBDE3-AC44-4640-B7DB-1EAB23AD2A4B}.Debug|Any CPU.Build.0 = Debug|Any CPU
		{769CBDE3-AC44-4640-B7DB-1EAB23AD2A4B}.Release|Any CPU.ActiveCfg = Release|Any CPU
		{769CBDE3-AC44-4640-B7DB-1EAB23AD2A4B}.Release|Any CPU.Build.0 = Release|Any CPU
		{9C1C5758-4699-44A9-A003-B5E961ECD868}.Debug|Any CPU.ActiveCfg = Debug|Any CPU
		{9C1C5758-4699-44A9-A003-B5E961ECD868}.Debug|Any CPU.Build.0 = Debug|Any CPU
		{9C1C5758-4699-44A9-A003-B5E961ECD868}.Release|Any CPU.ActiveCfg = Release|Any CPU
		{9C1C5758-4699-44A9-A003-B5E961ECD868}.Release|Any CPU.Build.0 = Release|Any CPU
	EndGlobalSection
	GlobalSection(SolutionProperties) = preSolution
		HideSolutionNode = FALSE
	EndGlobalSection
	GlobalSection(NestedProjects) = preSolution
		{769CBDE3-AC44-4640-B7DB-1EAB23AD2A4B} = {7E715637-FF19-4585-A359-F25EBD5030B9}
		{9C1C5758-4699-44A9-A003-B5E961ECD868} = {7E715637-FF19-4585-A359-F25EBD5030B9}
	EndGlobalSection
	GlobalSection(ExtensibilityGlobals) = postSolution
		SolutionGuid = {5017522F-C233-4AFA-81D9-7DE854111BEF}
	EndGlobalSection
EndGlobal
